
Microsoft Visual Studio Solution File, Format Version 12.00
# Visual Studio 15
VisualStudioVersion = 15.0.27428.2015
MinimumVisualStudioVersion = 10.0.40219.1
Project("{9A19103F-16F7-4668-BE54-9A1E7A4F7556}") = "AppMiniTrainings", "AppMiniTrainings\AppMiniTrainings.csproj", "{B417739E-BA7B-4C3E-A3E4-D8E52790E156}"
EndProject
Project("{FAE04EC0-301F-11D3-BF4B-00C04F79EFBC}") = "Sorted", "Sorted\Sorted.csproj", "{AFF2DD83-CD91-4E77-8456-FB26BCAC5210}"
EndProject
Global
	GlobalSection(SolutionConfigurationPlatforms) = preSolution
		Debug|Any CPU = Debug|Any CPU
		Release|Any CPU = Release|Any CPU
	EndGlobalSection
	GlobalSection(ProjectConfigurationPlatforms) = postSolution
		{B417739E-BA7B-4C3E-A3E4-D8E52790E156}.Debug|Any CPU.ActiveCfg = Debug|Any CPU
		{B417739E-BA7B-4C3E-A3E4-D8E52790E156}.Debug|Any CPU.Build.0 = Debug|Any CPU
		{B417739E-BA7B-4C3E-A3E4-D8E52790E156}.Release|Any CPU.ActiveCfg = Release|Any CPU
		{B417739E-BA7B-4C3E-A3E4-D8E52790E156}.Release|Any CPU.Build.0 = Release|Any CPU
		{AFF2DD83-CD91-4E77-8456-FB26BCAC5210}.Debug|Any CPU.ActiveCfg = Debug|Any CPU
		{AFF2DD83-CD91-4E77-8456-FB26BCAC5210}.Debug|Any CPU.Build.0 = Debug|Any CPU
		{AFF2DD83-CD91-4E77-8456-FB26BCAC5210}.Release|Any CPU.ActiveCfg = Release|Any CPU
		{AFF2DD83-CD91-4E77-8456-FB26BCAC5210}.Release|Any CPU.Build.0 = Release|Any CPU
	EndGlobalSection
	GlobalSection(SolutionProperties) = preSolution
		HideSolutionNode = FALSE
	EndGlobalSection
	GlobalSection(ExtensibilityGlobals) = postSolution
		SolutionGuid = {B62639BF-128B-4666-81B9-0BA2DEC10986}
	EndGlobalSection
EndGlobal
